// !$*UTF8*$!
{
	archiveVersion = 1;
	classes = {
	};
	objectVersion = 50;
	objects = {

/* Begin PBXBuildFile section */
		5E7FE57220B79AEA00DEE6C9 /* AppDelegate.m in Sources */ = {isa = PBXBuildFile; fileRef = 5E7FE57120B79AEA00DEE6C9 /* AppDelegate.m */; };
		5E7FE57520B79AEA00DEE6C9 /* ViewController.m in Sources */ = {isa = PBXBuildFile; fileRef = 5E7FE57420B79AEA00DEE6C9 /* ViewController.m */; };
		5E7FE57820B79AEA00DEE6C9 /* Main.storyboard in Resources */ = {isa = PBXBuildFile; fileRef = 5E7FE57620B79AEA00DEE6C9 /* Main.storyboard */; };
		5E7FE57A20B79AED00DEE6C9 /* Assets.xcassets in Resources */ = {isa = PBXBuildFile; fileRef = 5E7FE57920B79AED00DEE6C9 /* Assets.xcassets */; };
		5E7FE57D20B79AED00DEE6C9 /* LaunchScreen.storyboard in Resources */ = {isa = PBXBuildFile; fileRef = 5E7FE57B20B79AED00DEE6C9 /* LaunchScreen.storyboard */; };
		5E7FE58020B79AED00DEE6C9 /* main.m in Sources */ = {isa = PBXBuildFile; fileRef = 5E7FE57F20B79AED00DEE6C9 /* main.m */; };
		5E7FE58A20B79AED00DEE6C9 /* PeaceOCRTestTests.m in Sources */ = {isa = PBXBuildFile; fileRef = 5E7FE58920B79AED00DEE6C9 /* PeaceOCRTestTests.m */; };
		5E7FE59520B79AED00DEE6C9 /* PeaceOCRTestUITests.m in Sources */ = {isa = PBXBuildFile; fileRef = 5E7FE59420B79AED00DEE6C9 /* PeaceOCRTestUITests.m */; };
/* End PBXBuildFile section */

/* Begin PBXContainerItemProxy section */
		5E7FE58620B79AED00DEE6C9 /* PBXContainerItemProxy */ = {
			isa = PBXContainerItemProxy;
			containerPortal = 5E7FE56520B79AE900DEE6C9 /* Project object */;
			proxyType = 1;
			remoteGlobalIDString = 5E7FE56C20B79AEA00DEE6C9;
			remoteInfo = PeaceOCRTest;
		};
		5E7FE59120B79AED00DEE6C9 /* PBXContainerItemProxy */ = {
			isa = PBXContainerItemProxy;
			containerPortal = 5E7FE56520B79AE900DEE6C9 /* Project object */;
			proxyType = 1;
			remoteGlobalIDString = 5E7FE56C20B79AEA00DEE6C9;
			remoteInfo = PeaceOCRTest;
		};
/* End PBXContainerItemProxy section */

/* Begin PBXFileReference section */
		5E7FE56D20B79AEA00DEE6C9 /* PeaceOCRTest.app */ = {isa = PBXFileReference; explicitFileType = wrapper.application; includeInIndex = 0; path = PeaceOCRTest.app; sourceTree = BUILT_PRODUCTS_DIR; };
		5E7FE57020B79AEA00DEE6C9 /* AppDelegate.h */ = {isa = PBXFileReference; lastKnownFileType = sourcecode.c.h; path = AppDelegate.h; sourceTree = "<group>"; };
		5E7FE57120B79AEA00DEE6C9 /* AppDelegate.m */ = {isa = PBXFileReference; lastKnownFileType = sourcecode.c.objc; path = AppDelegate.m; sourceTree = "<group>"; };
		5E7FE57320B79AEA00DEE6C9 /* ViewController.h */ = {isa = PBXFileReference; lastKnownFileType = sourcecode.c.h; path = ViewController.h; sourceTree = "<group>"; };
		5E7FE57420B79AEA00DEE6C9 /* ViewController.m */ = {isa = PBXFileReference; lastKnownFileType = sourcecode.c.objc; path = ViewController.m; sourceTree = "<group>"; };
		5E7FE57720B79AEA00DEE6C9 /* Base */ = {isa = PBXFileReference; lastKnownFileType = file.storyboard; name = Base; path = Base.lproj/Main.storyboard; sourceTree = "<group>"; };
		5E7FE57920B79AED00DEE6C9 /* Assets.xcassets */ = {isa = PBXFileReference; lastKnownFileType = folder.assetcatalog; path = Assets.xcassets; sourceTree = "<group>"; };
		5E7FE57C20B79AED00DEE6C9 /* Base */ = {isa = PBXFileReference; lastKnownFileType = file.storyboard; name = Base; path = Base.lproj/LaunchScreen.storyboard; sourceTree = "<group>"; };
		5E7FE57E20B79AED00DEE6C9 /* Info.plist */ = {isa = PBXFileReference; lastKnownFileType = text.plist.xml; path = Info.plist; sourceTree = "<group>"; };
		5E7FE57F20B79AED00DEE6C9 /* main.m */ = {isa = PBXFileReference; lastKnownFileType = sourcecode.c.objc; path = main.m; sourceTree = "<group>"; };
		5E7FE58520B79AED00DEE6C9 /* PeaceOCRTestTests.xctest */ = {isa = PBXFileReference; explicitFileType = wrapper.cfbundle; includeInIndex = 0; path = PeaceOCRTestTests.xctest; sourceTree = BUILT_PRODUCTS_DIR; };
		5E7FE58920B79AED00DEE6C9 /* PeaceOCRTestTests.m */ = {isa = PBXFileReference; lastKnownFileType = sourcecode.c.objc; path = PeaceOCRTestTests.m; sourceTree = "<group>"; };
		5E7FE58B20B79AED00DEE6C9 /* Info.plist */ = {isa = PBXFileReference; lastKnownFileType = text.plist.xml; path = Info.plist; sourceTree = "<group>"; };
		5E7FE59020B79AED00DEE6C9 /* PeaceOCRTestUITests.xctest */ = {isa = PBXFileReference; explicitFileType = wrapper.cfbundle; includeInIndex = 0; path = PeaceOCRTestUITests.xctest; sourceTree = BUILT_PRODUCTS_DIR; };
		5E7FE59420B79AED00DEE6C9 /* PeaceOCRTestUITests.m */ = {isa = PBXFileReference; lastKnownFileType = sourcecode.c.objc; path = PeaceOCRTestUITests.m; sourceTree = "<group>"; };
		5E7FE59620B79AED00DEE6C9 /* Info.plist */ = {isa = PBXFileReference; lastKnownFileType = text.plist.xml; path = Info.plist; sourceTree = "<group>"; };
/* End PBXFileReference section */

/* Begin PBXFrameworksBuildPhase section */
		5E7FE56A20B79AEA00DEE6C9 /* Frameworks */ = {
			isa = PBXFrameworksBuildPhase;
			buildActionMask = 2147483647;
			files = (
			);
			runOnlyForDeploymentPostprocessing = 0;
		};
		5E7FE58220B79AED00DEE6C9 /* Frameworks */ = {
			isa = PBXFrameworksBuildPhase;
			buildActionMask = 2147483647;
			files = (
			);
			runOnlyForDeploymentPostprocessing = 0;
		};
		5E7FE58D20B79AED00DEE6C9 /* Frameworks */ = {
			isa = PBXFrameworksBuildPhase;
			buildActionMask = 2147483647;
			files = (
			);
			runOnlyForDeploymentPostprocessing = 0;
		};
/* End PBXFrameworksBuildPhase section */

/* Begin PBXGroup section */
		5E7FE56420B79AE900DEE6C9 = {
			isa = PBXGroup;
			children = (
				5E7FE56F20B79AEA00DEE6C9 /* PeaceOCRTest */,
				5E7FE58820B79AED00DEE6C9 /* PeaceOCRTestTests */,
				5E7FE59320B79AED00DEE6C9 /* PeaceOCRTestUITests */,
				5E7FE56E20B79AEA00DEE6C9 /* Products */,
			);
			sourceTree = "<group>";
		};
		5E7FE56E20B79AEA00DEE6C9 /* Products */ = {
			isa = PBXGroup;
			children = (
				5E7FE56D20B79AEA00DEE6C9 /* PeaceOCRTest.app */,
				5E7FE58520B79AED00DEE6C9 /* PeaceOCRTestTests.xctest */,
				5E7FE59020B79AED00DEE6C9 /* PeaceOCRTestUITests.xctest */,
			);
			name = Products;
			sourceTree = "<group>";
		};
		5E7FE56F20B79AEA00DEE6C9 /* PeaceOCRTest */ = {
			isa = PBXGroup;
			children = (
				5E7FE57020B79AEA00DEE6C9 /* AppDelegate.h */,
				5E7FE57120B79AEA00DEE6C9 /* AppDelegate.m */,
				5E7FE57320B79AEA00DEE6C9 /* ViewController.h */,
				5E7FE57420B79AEA00DEE6C9 /* ViewController.m */,
				5E7FE57620B79AEA00DEE6C9 /* Main.storyboard */,
				5E7FE57920B79AED00DEE6C9 /* Assets.xcassets */,
				5E7FE57B20B79AED00DEE6C9 /* LaunchScreen.storyboard */,
				5E7FE57E20B79AED00DEE6C9 /* Info.plist */,
				5E7FE57F20B79AED00DEE6C9 /* main.m */,
			);
			path = PeaceOCRTest;
			sourceTree = "<group>";
		};
		5E7FE58820B79AED00DEE6C9 /* PeaceOCRTestTests */ = {
			isa = PBXGroup;
			children = (
				5E7FE58920B79AED00DEE6C9 /* PeaceOCRTestTests.m */,
				5E7FE58B20B79AED00DEE6C9 /* Info.plist */,
			);
			path = PeaceOCRTestTests;
			sourceTree = "<group>";
		};
		5E7FE59320B79AED00DEE6C9 /* PeaceOCRTestUITests */ = {
			isa = PBXGroup;
			children = (
				5E7FE59420B79AED00DEE6C9 /* PeaceOCRTestUITests.m */,
				5E7FE59620B79AED00DEE6C9 /* Info.plist */,
			);
			path = PeaceOCRTestUITests;
			sourceTree = "<group>";
		};
/* End PBXGroup section */

/* Begin PBXNativeTarget section */
		5E7FE56C20B79AEA00DEE6C9 /* PeaceOCRTest */ = {
			isa = PBXNativeTarget;
			buildConfigurationList = 5E7FE59920B79AED00DEE6C9 /* Build configuration list for PBXNativeTarget "PeaceOCRTest" */;
			buildPhases = (
				5E7FE56920B79AEA00DEE6C9 /* Sources */,
				5E7FE56A20B79AEA00DEE6C9 /* Frameworks */,
				5E7FE56B20B79AEA00DEE6C9 /* Resources */,
			);
			buildRules = (
			);
			dependencies = (
			);
			name = PeaceOCRTest;
			productName = PeaceOCRTest;
			productReference = 5E7FE56D20B79AEA00DEE6C9 /* PeaceOCRTest.app */;
			productType = "com.apple.product-type.application";
		};
		5E7FE58420B79AED00DEE6C9 /* PeaceOCRTestTests */ = {
			isa = PBXNativeTarget;
			buildConfigurationList = 5E7FE59C20B79AED00DEE6C9 /* Build configuration list for PBXNativeTarget "PeaceOCRTestTests" */;
			buildPhases = (
				5E7FE58120B79AED00DEE6C9 /* Sources */,
				5E7FE58220B79AED00DEE6C9 /* Frameworks */,
				5E7FE58320B79AED00DEE6C9 /* Resources */,
			);
			buildRules = (
			);
			dependencies = (
				5E7FE58720B79AED00DEE6C9 /* PBXTargetDependency */,
			);
			name = PeaceOCRTestTests;
			productName = PeaceOCRTestTests;
			productReference = 5E7FE58520B79AED00DEE6C9 /* PeaceOCRTestTests.xctest */;
			productType = "com.apple.product-type.bundle.unit-test";
		};
		5E7FE58F20B79AED00DEE6C9 /* PeaceOCRTestUITests */ = {
			isa = PBXNativeTarget;
			buildConfigurationList = 5E7FE59F20B79AED00DEE6C9 /* Build configuration list for PBXNativeTarget "PeaceOCRTestUITests" */;
			buildPhases = (
				5E7FE58C20B79AED00DEE6C9 /* Sources */,
				5E7FE58D20B79AED00DEE6C9 /* Frameworks */,
				5E7FE58E20B79AED00DEE6C9 /* Resources */,
			);
			buildRules = (
			);
			dependencies = (
				5E7FE59220B79AED00DEE6C9 /* PBXTargetDependency */,
			);
			name = PeaceOCRTestUITests;
			productName = PeaceOCRTestUITests;
			productReference = 5E7FE59020B79AED00DEE6C9 /* PeaceOCRTestUITests.xctest */;
			productType = "com.apple.product-type.bundle.ui-testing";
		};
/* End PBXNativeTarget section */

/* Begin PBXProject section */
		5E7FE56520B79AE900DEE6C9 /* Project object */ = {
			isa = PBXProject;
			attributes = {
				LastUpgradeCheck = 0930;
				ORGANIZATIONNAME = HeNing;
				TargetAttributes = {
					5E7FE56C20B79AEA00DEE6C9 = {
						CreatedOnToolsVersion = 9.3;
					};
					5E7FE58420B79AED00DEE6C9 = {
						CreatedOnToolsVersion = 9.3;
						TestTargetID = 5E7FE56C20B79AEA00DEE6C9;
					};
					5E7FE58F20B79AED00DEE6C9 = {
						CreatedOnToolsVersion = 9.3;
						TestTargetID = 5E7FE56C20B79AEA00DEE6C9;
					};
				};
			};
			buildConfigurationList = 5E7FE56820B79AE900DEE6C9 /* Build configuration list for PBXProject "PeaceOCRTest" */;
			compatibilityVersion = "Xcode 9.3";
			developmentRegion = en;
			hasScannedForEncodings = 0;
			knownRegions = (
				en,
				Base,
			);
			mainGroup = 5E7FE56420B79AE900DEE6C9;
			productRefGroup = 5E7FE56E20B79AEA00DEE6C9 /* Products */;
			projectDirPath = "";
			projectRoot = "";
			targets = (
				5E7FE56C20B79AEA00DEE6C9 /* PeaceOCRTest */,
				5E7FE58420B79AED00DEE6C9 /* PeaceOCRTestTests */,
				5E7FE58F20B79AED00DEE6C9 /* PeaceOCRTestUITests */,
			);
		};
/* End PBXProject section */

/* Begin PBXResourcesBuildPhase section */
		5E7FE56B20B79AEA00DEE6C9 /* Resources */ = {
			isa = PBXResourcesBuildPhase;
			buildActionMask = 2147483647;
			files = (
				5E7FE57D20B79AED00DEE6C9 /* LaunchScreen.storyboard in Resources */,
				5E7FE57A20B79AED00DEE6C9 /* Assets.xcassets in Resources */,
				5E7FE57820B79AEA00DEE6C9 /* Main.storyboard in Resources */,
			);
			runOnlyForDeploymentPostprocessing = 0;
		};
		5E7FE58320B79AED00DEE6C9 /* Resources */ = {
			isa = PBXResourcesBuildPhase;
			buildActionMask = 2147483647;
			files = (
			);
			runOnlyForDeploymentPostprocessing = 0;
		};
		5E7FE58E20B79AED00DEE6C9 /* Resources */ = {
			isa = PBXResourcesBuildPhase;
			buildActionMask = 2147483647;
			files = (
			);
			runOnlyForDeploymentPostprocessing = 0;
		};
/* End PBXResourcesBuildPhase section */

/* Begin PBXSourcesBuildPhase section */
		5E7FE56920B79AEA00DEE6C9 /* Sources */ = {
			isa = PBXSourcesBuildPhase;
			buildActionMask = 2147483647;
			files = (
				5E7FE57520B79AEA00DEE6C9 /* ViewController.m in Sources */,
				5E7FE58020B79AED00DEE6C9 /* main.m in Sources */,
				5E7FE57220B79AEA00DEE6C9 /* AppDelegate.m in Sources */,
			);
			runOnlyForDeploymentPostprocessing = 0;
		};
		5E7FE58120B79AED00DEE6C9 /* Sources */ = {
			isa = PBXSourcesBuildPhase;
			buildActionMask = 2147483647;
			files = (
				5E7FE58A20B79AED00DEE6C9 /* PeaceOCRTestTests.m in Sources */,
			);
			runOnlyForDeploymentPostprocessing = 0;
		};
		5E7FE58C20B79AED00DEE6C9 /* Sources */ = {
			isa = PBXSourcesBuildPhase;
			buildActionMask = 2147483647;
			files = (
				5E7FE59520B79AED00DEE6C9 /* PeaceOCRTestUITests.m in Sources */,
			);
			runOnlyForDeploymentPostprocessing = 0;
		};
/* End PBXSourcesBuildPhase section */

/* Begin PBXTargetDependency section */
		5E7FE58720B79AED00DEE6C9 /* PBXTargetDependency */ = {
			isa = PBXTargetDependency;
			target = 5E7FE56C20B79AEA00DEE6C9 /* PeaceOCRTest */;
			targetProxy = 5E7FE58620B79AED00DEE6C9 /* PBXContainerItemProxy */;
		};
		5E7FE59220B79AED00DEE6C9 /* PBXTargetDependency */ = {
			isa = PBXTargetDependency;
			target = 5E7FE56C20B79AEA00DEE6C9 /* PeaceOCRTest */;
			targetProxy = 5E7FE59120B79AED00DEE6C9 /* PBXContainerItemProxy */;
		};
/* End PBXTargetDependency section */

/* Begin PBXVariantGroup section */
		5E7FE57620B79AEA00DEE6C9 /* Main.storyboard */ = {
			isa = PBXVariantGroup;
			children = (
				5E7FE57720B79AEA00DEE6C9 /* Base */,
			);
			name = Main.storyboard;
			sourceTree = "<group>";
		};
		5E7FE57B20B79AED00DEE6C9 /* LaunchScreen.storyboard */ = {
			isa = PBXVariantGroup;
			children = (
				5E7FE57C20B79AED00DEE6C9 /* Base */,
			);
			name = LaunchScreen.storyboard;
			sourceTree = "<group>";
		};
/* End PBXVariantGroup section */

/* Begin XCBuildConfiguration section */
		5E7FE59720B79AED00DEE6C9 /* Debug */ = {
			isa = XCBuildConfiguration;
			buildSettings = {
				ALWAYS_SEARCH_USER_PATHS = NO;
				CLANG_ANALYZER_NONNULL = YES;
				CLANG_ANALYZER_NUMBER_OBJECT_CONVERSION = YES_AGGRESSIVE;
				CLANG_CXX_LANGUAGE_STANDARD = "gnu++14";
				CLANG_CXX_LIBRARY = "libc++";
				CLANG_ENABLE_MODULES = YES;
				CLANG_ENABLE_OBJC_ARC = YES;
				CLANG_ENABLE_OBJC_WEAK = YES;
				CLANG_WARN_BLOCK_CAPTURE_AUTORELEASING = YES;
				CLANG_WARN_BOOL_CONVERSION = YES;
				CLANG_WARN_COMMA = YES;
				CLANG_WARN_CONSTANT_CONVERSION = YES;
				CLANG_WARN_DEPRECATED_OBJC_IMPLEMENTATIONS = YES;
				CLANG_WARN_DIRECT_OBJC_ISA_USAGE = YES_ERROR;
				CLANG_WARN_DOCUMENTATION_COMMENTS = YES;
				CLANG_WARN_EMPTY_BODY = YES;
				CLANG_WARN_ENUM_CONVERSION = YES;
				CLANG_WARN_INFINITE_RECURSION = YES;
				CLANG_WARN_INT_CONVERSION = YES;
				CLANG_WARN_NON_LITERAL_NULL_CONVERSION = YES;
				CLANG_WARN_OBJC_IMPLICIT_RETAIN_SELF = YES;
				CLANG_WARN_OBJC_LITERAL_CONVERSION = YES;
				CLANG_WARN_OBJC_ROOT_CLASS = YES_ERROR;
				CLANG_WARN_RANGE_LOOP_ANALYSIS = YES;
				CLANG_WARN_STRICT_PROTOTYPES = YES;
				CLANG_WARN_SUSPICIOUS_MOVE = YES;
				CLANG_WARN_UNGUARDED_AVAILABILITY = YES_AGGRESSIVE;
				CLANG_WARN_UNREACHABLE_CODE = YES;
				CLANG_WARN__DUPLICATE_METHOD_MATCH = YES;
				CODE_SIGN_IDENTITY = "iPhone Developer";
				COPY_PHASE_STRIP = NO;
				DEBUG_INFORMATION_FORMAT = dwarf;
				ENABLE_STRICT_OBJC_MSGSEND = YES;
				ENABLE_TESTABILITY = YES;
				GCC_C_LANGUAGE_STANDARD = gnu11;
				GCC_DYNAMIC_NO_PIC = NO;
				GCC_NO_COMMON_BLOCKS = YES;
				GCC_OPTIMIZATION_LEVEL = 0;
				GCC_PREPROCESSOR_DEFINITIONS = (
					"DEBUG=1",
					"$(inherited)",
				);
				GCC_WARN_64_TO_32_BIT_CONVERSION = YES;
				GCC_WARN_ABOUT_RETURN_TYPE = YES_ERROR;
				GCC_WARN_UNDECLARED_SELECTOR = YES;
				GCC_WARN_UNINITIALIZED_AUTOS = YES_AGGRESSIVE;
				GCC_WARN_UNUSED_FUNCTION = YES;
				GCC_WARN_UNUSED_VARIABLE = YES;
				IPHONEOS_DEPLOYMENT_TARGET = 9.3;
				MTL_ENABLE_DEBUG_INFO = YES;
				ONLY_ACTIVE_ARCH = YES;
				SDKROOT = iphoneos;
			};
			name = Debug;
		};
		5E7FE59820B79AED00DEE6C9 /* Release */ = {
			isa = XCBuildConfiguration;
			buildSettings = {
				ALWAYS_SEARCH_USER_PATHS = NO;
				CLANG_ANALYZER_NONNULL = YES;
				CLANG_ANALYZER_NUMBER_OBJECT_CONVERSION = YES_AGGRESSIVE;
				CLANG_CXX_LANGUAGE_STANDARD = "gnu++14";
				CLANG_CXX_LIBRARY = "libc++";
				CLANG_ENABLE_MODULES = YES;
				CLANG_ENABLE_OBJC_ARC = YES;
				CLANG_ENABLE_OBJC_WEAK = YES;
				CLANG_WARN_BLOCK_CAPTURE_AUTORELEASING = YES;
				CLANG_WARN_BOOL_CONVERSION = YES;
				CLANG_WARN_COMMA = YES;
				CLANG_WARN_CONSTANT_CONVERSION = YES;
				CLANG_WARN_DEPRECATED_OBJC_IMPLEMENTATIONS = YES;
				CLANG_WARN_DIRECT_OBJC_ISA_USAGE = YES_ERROR;
				CLANG_WARN_DOCUMENTATION_COMMENTS = YES;
				CLANG_WARN_EMPTY_BODY = YES;
				CLANG_WARN_ENUM_CONVERSION = YES;
				CLANG_WARN_INFINITE_RECURSION = YES;
				CLANG_WARN_INT_CONVERSION = YES;
				CLANG_WARN_NON_LITERAL_NULL_CONVERSION = YES;
				CLANG_WARN_OBJC_IMPLICIT_RETAIN_SELF = YES;
				CLANG_WARN_OBJC_LITERAL_CONVERSION = YES;
				CLANG_WARN_OBJC_ROOT_CLASS = YES_ERROR;
				CLANG_WARN_RANGE_LOOP_ANALYSIS = YES;
				CLANG_WARN_STRICT_PROTOTYPES = YES;
				CLANG_WARN_SUSPICIOUS_MOVE = YES;
				CLANG_WARN_UNGUARDED_AVAILABILITY = YES_AGGRESSIVE;
				CLANG_WARN_UNREACHABLE_CODE = YES;
				CLANG_WARN__DUPLICATE_METHOD_MATCH = YES;
				CODE_SIGN_IDENTITY = "iPhone Developer";
				COPY_PHASE_STRIP = NO;
				DEBUG_INFORMATION_FORMAT = "dwarf-with-dsym";
				ENABLE_NS_ASSERTIONS = NO;
				ENABLE_STRICT_OBJC_MSGSEND = YES;
				GCC_C_LANGUAGE_STANDARD = gnu11;
				GCC_NO_COMMON_BLOCKS = YES;
				GCC_WARN_64_TO_32_BIT_CONVERSION = YES;
				GCC_WARN_ABOUT_RETURN_TYPE = YES_ERROR;
				GCC_WARN_UNDECLARED_SELECTOR = YES;
				GCC_WARN_UNINITIALIZED_AUTOS = YES_AGGRESSIVE;
				GCC_WARN_UNUSED_FUNCTION = YES;
				GCC_WARN_UNUSED_VARIABLE = YES;
				IPHONEOS_DEPLOYMENT_TARGET = 9.3;
				MTL_ENABLE_DEBUG_INFO = NO;
				SDKROOT = iphoneos;
				VALIDATE_PRODUCT = YES;
			};
			name = Release;
		};
		5E7FE59A20B79AED00DEE6C9 /* Debug */ = {
			isa = XCBuildConfiguration;
			buildSettings = {
				ASSETCATALOG_COMPILER_APPICON_NAME = AppIcon;
				CODE_SIGN_STYLE = Automatic;
				DEVELOPMENT_TEAM = E33HG4676G;
				INFOPLIST_FILE = PeaceOCRTest/Info.plist;
				IPHONEOS_DEPLOYMENT_TARGET = 10.0;
				LD_RUNPATH_SEARCH_PATHS = (
					"$(inherited)",
					"@executable_path/Frameworks",
				);
				PRODUCT_BUNDLE_IDENTIFIER = com.HeNing.PeaceOCRTest;
				PRODUCT_NAME = "$(TARGET_NAME)";
				TARGETED_DEVICE_FAMILY = "1,2";
			};
			name = Debug;
		};
		5E7FE59B20B79AED00DEE6C9 /* Release */ = {
			isa = XCBuildConfiguration;
			buildSettings = {
				ASSETCATALOG_COMPILER_APPICON_NAME = AppIcon;
				CODE_SIGN_STYLE = Automatic;
				DEVELOPMENT_TEAM = E33HG4676G;
				INFOPLIST_FILE = PeaceOCRTest/Info.plist;
				IPHONEOS_DEPLOYMENT_TARGET = 10.0;
				LD_RUNPATH_SEARCH_PATHS = (
					"$(inherited)",
					"@executable_path/Frameworks",
				);
				PRODUCT_BUNDLE_IDENTIFIER = com.HeNing.PeaceOCRTest;
				PRODUCT_NAME = "$(TARGET_NAME)";
				TARGETED_DEVICE_FAMILY = "1,2";
			};
			name = Release;
		};
		5E7FE59D20B79AED00DEE6C9 /* Debug */ = {
			isa = XCBuildConfiguration;
			buildSettings = {
				BUNDLE_LOADER = "$(TEST_HOST)";
				CODE_SIGN_STYLE = Automatic;
				DEVELOPMENT_TEAM = E33HG4676G;
				INFOPLIST_FILE = PeaceOCRTestTests/Info.plist;
				LD_RUNPATH_SEARCH_PATHS = (
					"$(inherited)",
					"@executable_path/Frameworks",
					"@loader_path/Frameworks",
				);
				PRODUCT_BUNDLE_IDENTIFIER = com.HeNing.PeaceOCRTestTests;
				PRODUCT_NAME = "$(TARGET_NAME)";
				TARGETED_DEVICE_FAMILY = "1,2";
				TEST_HOST = "$(BUILT_PRODUCTS_DIR)/PeaceOCRTest.app/PeaceOCRTest";
			};
			name = Debug;
		};
		5E7FE59E20B79AED00DEE6C9 /* Release */ = {
			isa = XCBuildConfiguration;
			buildSettings = {
				BUNDLE_LOADER = "$(TEST_HOST)";
				CODE_SIGN_STYLE = Automatic;
				DEVELOPMENT_TEAM = E33HG4676G;
				INFOPLIST_FILE = PeaceOCRTestTests/Info.plist;
				LD_RUNPATH_SEARCH_PATHS = (
					"$(inherited)",
					"@executable_path/Frameworks",
					"@loader_path/Frameworks",
				);
				PRODUCT_BUNDLE_IDENTIFIER = com.HeNing.PeaceOCRTestTests;
				PRODUCT_NAME = "$(TARGET_NAME)";
				TARGETED_DEVICE_FAMILY = "1,2";
				TEST_HOST = "$(BUILT_PRODUCTS_DIR)/PeaceOCRTest.app/PeaceOCRTest";
			};
			name = Release;
		};
		5E7FE5A020B79AED00DEE6C9 /* Debug */ = {
			isa = XCBuildConfiguration;
			buildSettings = {
				CODE_SIGN_STYLE = Automatic;
				DEVELOPMENT_TEAM = E33HG4676G;
				INFOPLIST_FILE = PeaceOCRTestUITests/Info.plist;
				LD_RUNPATH_SEARCH_PATHS = (
					"$(inherited)",
					"@executable_path/Frameworks",
					"@loader_path/Frameworks",
				);
				PRODUCT_BUNDLE_IDENTIFIER = com.HeNing.PeaceOCRTestUITests;
				PRODUCT_NAME = "$(TARGET_NAME)";
				TARGETED_DEVICE_FAMILY = "1,2";
				TEST_TARGET_NAME = PeaceOCRTest;
			};
			name = Debug;
		};
		5E7FE5A120B79AED00DEE6C9 /* Release */ = {
			isa = XCBuildConfiguration;
			buildSettings = {
				CODE_SIGN_STYLE = Automatic;
				DEVELOPMENT_TEAM = E33HG4676G;
				INFOPLIST_FILE = PeaceOCRTestUITests/Info.plist;
				LD_RUNPATH_SEARCH_PATHS = (
					"$(inherited)",
					"@executable_path/Frameworks",
					"@loader_path/Frameworks",
				);
				PRODUCT_BUNDLE_IDENTIFIER = com.HeNing.PeaceOCRTestUITests;
				PRODUCT_NAME = "$(TARGET_NAME)";
				TARGETED_DEVICE_FAMILY = "1,2";
				TEST_TARGET_NAME = PeaceOCRTest;
			};
			name = Release;
		};
/* End XCBuildConfiguration section */

/* Begin XCConfigurationList section */
		5E7FE56820B79AE900DEE6C9 /* Build configuration list for PBXProject "PeaceOCRTest" */ = {
			isa = XCConfigurationList;
			buildConfigurations = (
				5E7FE59720B79AED00DEE6C9 /* Debug */,
				5E7FE59820B79AED00DEE6C9 /* Release */,
			);
			defaultConfigurationIsVisible = 0;
			defaultConfigurationName = Release;
		};
		5E7FE59920B79AED00DEE6C9 /* Build configuration list for PBXNativeTarget "PeaceOCRTest" */ = {
			isa = XCConfigurationList;
			buildConfigurations = (
				5E7FE59A20B79AED00DEE6C9 /* Debug */,
				5E7FE59B20B79AED00DEE6C9 /* Release */,
			);
			defaultConfigurationIsVisible = 0;
			defaultConfigurationName = Release;
		};
		5E7FE59C20B79AED00DEE6C9 /* Build configuration list for PBXNativeTarget "PeaceOCRTestTests" */ = {
			isa = XCConfigurationList;
			buildConfigurations = (
				5E7FE59D20B79AED00DEE6C9 /* Debug */,
				5E7FE59E20B79AED00DEE6C9 /* Release */,
			);
			defaultConfigurationIsVisible = 0;
			defaultConfigurationName = Release;
		};
		5E7FE59F20B79AED00DEE6C9 /* Build configuration list for PBXNativeTarget "PeaceOCRTestUITests" */ = {
			isa = XCConfigurationList;
			buildConfigurations = (
				5E7FE5A020B79AED00DEE6C9 /* Debug */,
				5E7FE5A120B79AED00DEE6C9 /* Release */,
			);
			defaultConfigurationIsVisible = 0;
			defaultConfigurationName = Release;
		};
/* End XCConfigurationList section */
	};
	rootObject = 5E7FE56520B79AE900DEE6C9 /* Project object */;
}
